
Microsoft Visual Studio Solution File, Format Version 12.00
# Visual Studio Version 16
VisualStudioVersion = 16.0.30523.141
MinimumVisualStudioVersion = 10.0.40219.1
Project("{FAE04EC0-301F-11D3-BF4B-00C04F79EFBC}") = "ProjetoDCS", "ProjetoDCS\ProjetoDCS.csproj", "{FA4DDA2F-0820-49C3-8BEC-A6DAB5BEBF26}"
EndProject
Global
	GlobalSection(SolutionConfigurationPlatforms) = preSolution
		Debug|Any CPU = Debug|Any CPU
		Release|Any CPU = Release|Any CPU
	EndGlobalSection
	GlobalSection(ProjectConfigurationPlatforms) = postSolution
		{FA4DDA2F-0820-49C3-8BEC-A6DAB5BEBF26}.Debug|Any CPU.ActiveCfg = Debug|Any CPU
		{FA4DDA2F-0820-49C3-8BEC-A6DAB5BEBF26}.Debug|Any CPU.Build.0 = Debug|Any CPU
		{FA4DDA2F-0820-49C3-8BEC-A6DAB5BEBF26}.Release|Any CPU.ActiveCfg = Release|Any CPU
		{FA4DDA2F-0820-49C3-8BEC-A6DAB5BEBF26}.Release|Any CPU.Build.0 = Release|Any CPU
	EndGlobalSection
	GlobalSection(SolutionProperties) = preSolution
		HideSolutionNode = FALSE
	EndGlobalSection
	GlobalSection(ExtensibilityGlobals) = postSolution
		SolutionGuid = {80BA058A-8F60-4DE0-A44F-397B6DD44FB4}
	EndGlobalSection
EndGlobal
